
Microsoft Visual Studio Solution File, Format Version 12.00
# Visual Studio Version 17
VisualStudioVersion = 17.2.32616.157
MinimumVisualStudioVersion = 10.0.40219.1
Project("{2150E333-8FDC-42A3-9474-1A3956D46DE8}") = "src", "src", "{B7E327B2-EC22-4637-8318-526287F858D9}"
EndProject
Project("{2150E333-8FDC-42A3-9474-1A3956D46DE8}") = "tests", "tests", "{9A2F82D1-9F8F-4043-8232-87539BFB2B09}"
EndProject
Project("{2150E333-8FDC-42A3-9474-1A3956D46DE8}") = "Presentation", "Presentation", "{2C1A251D-8885-4B63-98D4-79F0D273C836}"
EndProject
Project("{2150E333-8FDC-42A3-9474-1A3956D46DE8}") = "Infrastructure", "Infrastructure", "{1EB0B88D-D7FF-4B7F-9A3E-4705194CA7EB}"
EndProject
Project("{2150E333-8FDC-42A3-9474-1A3956D46DE8}") = "Application", "Application", "{8E39E00B-3337-4DE0-9389-51CFD0159477}"
EndProject
Project("{9A19103F-16F7-4668-BE54-9A1E7A4F7556}") = "Business", "Business\Business.csproj", "{6546CD0A-DFFF-43D1-BD7C-E15B021E6497}"
EndProject
Project("{9A19103F-16F7-4668-BE54-9A1E7A4F7556}") = "Domain", "Domain\Domain.csproj", "{EC28CBAA-891B-4D86-92BE-14792FE89A56}"
EndProject
Project("{9A19103F-16F7-4668-BE54-9A1E7A4F7556}") = "Persistence", "Persistence\Persistence.csproj", "{ABB3BFBF-AFBF-49DE-B59C-9EF7D20EECAB}"
EndProject
Project("{9A19103F-16F7-4668-BE54-9A1E7A4F7556}") = "Shared", "Shared\Shared.csproj", "{3B8A1C6D-4D85-4CF4-A34A-FFF0D031245A}"
EndProject
Project("{9A19103F-16F7-4668-BE54-9A1E7A4F7556}") = "Bowling.Api", "Bowling.Api\Bowling.Api.csproj", "{A31E35BB-4FDF-4066-A680-2528307662FB}"
EndProject
Project("{9A19103F-16F7-4668-BE54-9A1E7A4F7556}") = "Bowling.App", "Bowling.App\Bowling.App.csproj", "{D987E2CC-8F95-4417-A090-E680A2B12C52}"
EndProject
Project("{9A19103F-16F7-4668-BE54-9A1E7A4F7556}") = "Unit", "Unit\Unit.csproj", "{7DCD81A2-C88C-4F68-92F3-A04F4A249C7A}"
EndProject
Project("{9A19103F-16F7-4668-BE54-9A1E7A4F7556}") = "Integration", "Integration\Integration.csproj", "{B004668E-C3AA-4EDE-93AA-E00443B80354}"
EndProject
Project("{FAE04EC0-301F-11D3-BF4B-00C04F79EFBC}") = "Facade", "Facade\Facade.csproj", "{09EB97CF-A07A-4DB6-8744-9ABD303BD768}"
EndProject
Global
	GlobalSection(SolutionConfigurationPlatforms) = preSolution
		Debug|Any CPU = Debug|Any CPU
		Release|Any CPU = Release|Any CPU
	EndGlobalSection
	GlobalSection(ProjectConfigurationPlatforms) = postSolution
		{6546CD0A-DFFF-43D1-BD7C-E15B021E6497}.Debug|Any CPU.ActiveCfg = Debug|Any CPU
		{6546CD0A-DFFF-43D1-BD7C-E15B021E6497}.Debug|Any CPU.Build.0 = Debug|Any CPU
		{6546CD0A-DFFF-43D1-BD7C-E15B021E6497}.Release|Any CPU.ActiveCfg = Release|Any CPU
		{6546CD0A-DFFF-43D1-BD7C-E15B021E6497}.Release|Any CPU.Build.0 = Release|Any CPU
		{EC28CBAA-891B-4D86-92BE-14792FE89A56}.Debug|Any CPU.ActiveCfg = Debug|Any CPU
		{EC28CBAA-891B-4D86-92BE-14792FE89A56}.Debug|Any CPU.Build.0 = Debug|Any CPU
		{EC28CBAA-891B-4D86-92BE-14792FE89A56}.Release|Any CPU.ActiveCfg = Release|Any CPU
		{EC28CBAA-891B-4D86-92BE-14792FE89A56}.Release|Any CPU.Build.0 = Release|Any CPU
		{ABB3BFBF-AFBF-49DE-B59C-9EF7D20EECAB}.Debug|Any CPU.ActiveCfg = Debug|Any CPU
		{ABB3BFBF-AFBF-49DE-B59C-9EF7D20EECAB}.Debug|Any CPU.Build.0 = Debug|Any CPU
		{ABB3BFBF-AFBF-49DE-B59C-9EF7D20EECAB}.Release|Any CPU.ActiveCfg = Release|Any CPU
		{ABB3BFBF-AFBF-49DE-B59C-9EF7D20EECAB}.Release|Any CPU.Build.0 = Release|Any CPU
		{3B8A1C6D-4D85-4CF4-A34A-FFF0D031245A}.Debug|Any CPU.ActiveCfg = Debug|Any CPU
		{3B8A1C6D-4D85-4CF4-A34A-FFF0D031245A}.Debug|Any CPU.Build.0 = Debug|Any CPU
		{3B8A1C6D-4D85-4CF4-A34A-FFF0D031245A}.Release|Any CPU.ActiveCfg = Release|Any CPU
		{3B8A1C6D-4D85-4CF4-A34A-FFF0D031245A}.Release|Any CPU.Build.0 = Release|Any CPU
		{A31E35BB-4FDF-4066-A680-2528307662FB}.Debug|Any CPU.ActiveCfg = Debug|Any CPU
		{A31E35BB-4FDF-4066-A680-2528307662FB}.Debug|Any CPU.Build.0 = Debug|Any CPU
		{A31E35BB-4FDF-4066-A680-2528307662FB}.Release|Any CPU.ActiveCfg = Release|Any CPU
		{A31E35BB-4FDF-4066-A680-2528307662FB}.Release|Any CPU.Build.0 = Release|Any CPU
		{D987E2CC-8F95-4417-A090-E680A2B12C52}.Debug|Any CPU.ActiveCfg = Debug|Any CPU
		{D987E2CC-8F95-4417-A090-E680A2B12C52}.Debug|Any CPU.Build.0 = Debug|Any CPU
		{D987E2CC-8F95-4417-A090-E680A2B12C52}.Release|Any CPU.ActiveCfg = Release|Any CPU
		{D987E2CC-8F95-4417-A090-E680A2B12C52}.Release|Any CPU.Build.0 = Release|Any CPU
		{7DCD81A2-C88C-4F68-92F3-A04F4A249C7A}.Debug|Any CPU.ActiveCfg = Debug|Any CPU
		{7DCD81A2-C88C-4F68-92F3-A04F4A249C7A}.Debug|Any CPU.Build.0 = Debug|Any CPU
		{7DCD81A2-C88C-4F68-92F3-A04F4A249C7A}.Release|Any CPU.ActiveCfg = Release|Any CPU
		{7DCD81A2-C88C-4F68-92F3-A04F4A249C7A}.Release|Any CPU.Build.0 = Release|Any CPU
		{B004668E-C3AA-4EDE-93AA-E00443B80354}.Debug|Any CPU.ActiveCfg = Debug|Any CPU
		{B004668E-C3AA-4EDE-93AA-E00443B80354}.Debug|Any CPU.Build.0 = Debug|Any CPU
		{B004668E-C3AA-4EDE-93AA-E00443B80354}.Release|Any CPU.ActiveCfg = Release|Any CPU
		{B004668E-C3AA-4EDE-93AA-E00443B80354}.Release|Any CPU.Build.0 = Release|Any CPU
		{09EB97CF-A07A-4DB6-8744-9ABD303BD768}.Debug|Any CPU.ActiveCfg = Debug|Any CPU
		{09EB97CF-A07A-4DB6-8744-9ABD303BD768}.Debug|Any CPU.Build.0 = Debug|Any CPU
		{09EB97CF-A07A-4DB6-8744-9ABD303BD768}.Release|Any CPU.ActiveCfg = Release|Any CPU
		{09EB97CF-A07A-4DB6-8744-9ABD303BD768}.Release|Any CPU.Build.0 = Release|Any CPU
	EndGlobalSection
	GlobalSection(SolutionProperties) = preSolution
		HideSolutionNode = FALSE
	EndGlobalSection
	GlobalSection(NestedProjects) = preSolution
		{2C1A251D-8885-4B63-98D4-79F0D273C836} = {B7E327B2-EC22-4637-8318-526287F858D9}
		{1EB0B88D-D7FF-4B7F-9A3E-4705194CA7EB} = {B7E327B2-EC22-4637-8318-526287F858D9}
		{8E39E00B-3337-4DE0-9389-51CFD0159477} = {B7E327B2-EC22-4637-8318-526287F858D9}
		{6546CD0A-DFFF-43D1-BD7C-E15B021E6497} = {8E39E00B-3337-4DE0-9389-51CFD0159477}
		{EC28CBAA-891B-4D86-92BE-14792FE89A56} = {8E39E00B-3337-4DE0-9389-51CFD0159477}
		{ABB3BFBF-AFBF-49DE-B59C-9EF7D20EECAB} = {1EB0B88D-D7FF-4B7F-9A3E-4705194CA7EB}
		{3B8A1C6D-4D85-4CF4-A34A-FFF0D031245A} = {1EB0B88D-D7FF-4B7F-9A3E-4705194CA7EB}
		{A31E35BB-4FDF-4066-A680-2528307662FB} = {2C1A251D-8885-4B63-98D4-79F0D273C836}
		{D987E2CC-8F95-4417-A090-E680A2B12C52} = {2C1A251D-8885-4B63-98D4-79F0D273C836}
		{7DCD81A2-C88C-4F68-92F3-A04F4A249C7A} = {9A2F82D1-9F8F-4043-8232-87539BFB2B09}
		{B004668E-C3AA-4EDE-93AA-E00443B80354} = {9A2F82D1-9F8F-4043-8232-87539BFB2B09}
		{09EB97CF-A07A-4DB6-8744-9ABD303BD768} = {1EB0B88D-D7FF-4B7F-9A3E-4705194CA7EB}
	EndGlobalSection
	GlobalSection(ExtensibilityGlobals) = postSolution
		SolutionGuid = {0F8A79F5-FB0F-4E40-B6BB-8DC06419E6B9}
	EndGlobalSection
EndGlobal
